
Microsoft Visual Studio Solution File, Format Version 12.00
# Visual Studio Version 16
VisualStudioVersion = 16.0.30413.136
MinimumVisualStudioVersion = 10.0.40219.1
Project("{FAE04EC0-301F-11D3-BF4B-00C04F79EFBC}") = "FaceDetectorWin", "FaceDetectorWin\FaceDetectorWin.csproj", "{57A4A71C-B093-4A33-B7D5-CA4508D13670}"
EndProject
Global
	GlobalSection(SolutionConfigurationPlatforms) = preSolution
		Debug|Any CPU = Debug|Any CPU
		Release|Any CPU = Release|Any CPU
	EndGlobalSection
	GlobalSection(ProjectConfigurationPlatforms) = postSolution
		{57A4A71C-B093-4A33-B7D5-CA4508D13670}.Debug|Any CPU.ActiveCfg = Debug|Any CPU
		{57A4A71C-B093-4A33-B7D5-CA4508D13670}.Debug|Any CPU.Build.0 = Debug|Any CPU
		{57A4A71C-B093-4A33-B7D5-CA4508D13670}.Release|Any CPU.ActiveCfg = Release|Any CPU
		{57A4A71C-B093-4A33-B7D5-CA4508D13670}.Release|Any CPU.Build.0 = Release|Any CPU
	EndGlobalSection
	GlobalSection(SolutionProperties) = preSolution
		HideSolutionNode = FALSE
	EndGlobalSection
	GlobalSection(ExtensibilityGlobals) = postSolution
		SolutionGuid = {0F0122C8-DD60-4E17-8737-5D19310C7B06}
	EndGlobalSection
EndGlobal
